{
  "version": 4,
  "terraform_version": "1.2.2",
  "serial": 3,
  "lineage": "49997f2d-267e-7e89-6761-536c1a53c3da",
  "outputs": {},
  "resources": [
    {
      "mode": "managed",
      "type": "github_repository",
      "name": "git-terra",
      "provider": "provider[\"registry.terraform.io/hashicorp/github\"]",
      "instances": [
        {
          "schema_version": 0,
          "attributes": {
            "allow_auto_merge": false,
            "allow_merge_commit": true,
            "allow_rebase_merge": true,
            "allow_squash_merge": true,
            "archive_on_destroy": null,
            "archived": false,
            "auto_init": true,
            "branches": [
              {
                "name": "main",
                "protected": false
              }
            ],
            "default_branch": "main",
            "delete_branch_on_merge": false,
            "description": "Git auto by terraform",
            "etag": "W/\"2fd9e585179e3a912872b5e70aab254e7fe24b269032a306bc52d806b28715ee\"",
            "full_name": "mim500/gitauto",
            "git_clone_url": "git://github.com/mim500/gitauto.git",
            "gitignore_template": null,
            "has_downloads": false,
            "has_issues": false,
            "has_projects": false,
            "has_wiki": false,
            "homepage_url": "",
            "html_url": "https://github.com/mim500/gitauto",
            "http_clone_url": "https://github.com/mim500/gitauto.git",
            "id": "gitauto",
            "ignore_vulnerability_alerts_during_read": null,
            "is_template": false,
            "license_template": null,
            "name": "gitauto",
            "node_id": "R_kgDOHfEehQ",
            "pages": [],
            "private": false,
            "repo_id": 502341253,
            "ssh_clone_url": "git@github.com:mim500/gitauto.git",
            "svn_url": "https://github.com/mim500/gitauto",
            "template": [],
            "topics": null,
            "visibility": "public",
            "vulnerability_alerts": false
          },
          "sensitive_attributes": [],
          "private": "bnVsbA=="
        }
      ]
    }
  ]
}
